
Microsoft Visual Studio Solution File, Format Version 12.00
# Visual Studio Version 17
VisualStudioVersion = 17.8.34511.84
MinimumVisualStudioVersion = 10.0.40219.1
Project("{FAE04EC0-301F-11D3-BF4B-00C04F79EFBC}") = "AT5_CJ3022641", "AT5_CJ3022641\AT5_CJ3022641.csproj", "{FAA92ADA-25FD-42F3-9E78-672A0F7F502A}"
EndProject
Global
	GlobalSection(SolutionConfigurationPlatforms) = preSolution
		Debug|Any CPU = Debug|Any CPU
		Release|Any CPU = Release|Any CPU
	EndGlobalSection
	GlobalSection(ProjectConfigurationPlatforms) = postSolution
		{FAA92ADA-25FD-42F3-9E78-672A0F7F502A}.Debug|Any CPU.ActiveCfg = Debug|Any CPU
		{FAA92ADA-25FD-42F3-9E78-672A0F7F502A}.Debug|Any CPU.Build.0 = Debug|Any CPU
		{FAA92ADA-25FD-42F3-9E78-672A0F7F502A}.Release|Any CPU.ActiveCfg = Release|Any CPU
		{FAA92ADA-25FD-42F3-9E78-672A0F7F502A}.Release|Any CPU.Build.0 = Release|Any CPU
	EndGlobalSection
	GlobalSection(SolutionProperties) = preSolution
		HideSolutionNode = FALSE
	EndGlobalSection
	GlobalSection(ExtensibilityGlobals) = postSolution
		SolutionGuid = {1FEC53CD-B9A6-4846-AF6D-562A84AB8CEA}
	EndGlobalSection
EndGlobal
